
Microsoft Visual Studio Solution File, Format Version 12.00
# Visual Studio 15
VisualStudioVersion = 15.0.28307.2017
MinimumVisualStudioVersion = 10.0.40219.1
Project("{FAE04EC0-301F-11D3-BF4B-00C04F79EFBC}") = "dotnet_test", "dotnet_test\dotnet_test.csproj", "{24F1BC25-4299-4A9A-8D63-8BD4C2870DCC}"
EndProject
Global
	GlobalSection(SolutionConfigurationPlatforms) = preSolution
		Debug|Any CPU = Debug|Any CPU
		Release|Any CPU = Release|Any CPU
	EndGlobalSection
	GlobalSection(ProjectConfigurationPlatforms) = postSolution
		{24F1BC25-4299-4A9A-8D63-8BD4C2870DCC}.Debug|Any CPU.ActiveCfg = Debug|Any CPU
		{24F1BC25-4299-4A9A-8D63-8BD4C2870DCC}.Debug|Any CPU.Build.0 = Debug|Any CPU
		{24F1BC25-4299-4A9A-8D63-8BD4C2870DCC}.Release|Any CPU.ActiveCfg = Release|Any CPU
		{24F1BC25-4299-4A9A-8D63-8BD4C2870DCC}.Release|Any CPU.Build.0 = Release|Any CPU
	EndGlobalSection
	GlobalSection(SolutionProperties) = preSolution
		HideSolutionNode = FALSE
	EndGlobalSection
	GlobalSection(ExtensibilityGlobals) = postSolution
		SolutionGuid = {798A82FB-3081-4A58-9285-209F4CEC620D}
	EndGlobalSection
EndGlobal
